
Microsoft Visual Studio Solution File, Format Version 12.00
# Visual Studio Version 17
VisualStudioVersion = 17.5.33530.505
MinimumVisualStudioVersion = 10.0.40219.1
Project("{9A19103F-16F7-4668-BE54-9A1E7A4F7556}") = "Kata", "Kata\Kata.csproj", "{5E71F9DD-99C4-4D76-BD7E-EEE9E033C872}"
EndProject
Project("{FAE04EC0-301F-11D3-BF4B-00C04F79EFBC}") = "KataTests", "KataTests\KataTests.csproj", "{4851E5F5-BFFF-4236-B3ED-25622F8471BE}"
EndProject
Global
	GlobalSection(SolutionConfigurationPlatforms) = preSolution
		Debug|Any CPU = Debug|Any CPU
		Release|Any CPU = Release|Any CPU
	EndGlobalSection
	GlobalSection(ProjectConfigurationPlatforms) = postSolution
		{5E71F9DD-99C4-4D76-BD7E-EEE9E033C872}.Debug|Any CPU.ActiveCfg = Debug|Any CPU
		{5E71F9DD-99C4-4D76-BD7E-EEE9E033C872}.Debug|Any CPU.Build.0 = Debug|Any CPU
		{5E71F9DD-99C4-4D76-BD7E-EEE9E033C872}.Release|Any CPU.ActiveCfg = Release|Any CPU
		{5E71F9DD-99C4-4D76-BD7E-EEE9E033C872}.Release|Any CPU.Build.0 = Release|Any CPU
		{4851E5F5-BFFF-4236-B3ED-25622F8471BE}.Debug|Any CPU.ActiveCfg = Debug|Any CPU
		{4851E5F5-BFFF-4236-B3ED-25622F8471BE}.Debug|Any CPU.Build.0 = Debug|Any CPU
		{4851E5F5-BFFF-4236-B3ED-25622F8471BE}.Release|Any CPU.ActiveCfg = Release|Any CPU
		{4851E5F5-BFFF-4236-B3ED-25622F8471BE}.Release|Any CPU.Build.0 = Release|Any CPU
	EndGlobalSection
	GlobalSection(SolutionProperties) = preSolution
		HideSolutionNode = FALSE
	EndGlobalSection
	GlobalSection(ExtensibilityGlobals) = postSolution
		SolutionGuid = {8DE25CC4-1064-4C26-A2DC-7BE762ED9911}
	EndGlobalSection
EndGlobal
